
Microsoft Visual Studio Solution File, Format Version 12.00
# Visual Studio Version 17
VisualStudioVersion = 17.0.31903.59
MinimumVisualStudioVersion = 10.0.40219.1
Project("{2150E333-8FDC-42A3-9474-1A3956D46DE8}") = "Solution Items", "Solution Items", "{BD6324F6-4881-41F6-8107-25DAC520C15A}"
	ProjectSection(SolutionItems) = preProject
		docker-compose.yml = docker-compose.yml
	EndProjectSection
EndProject
Project("{2150E333-8FDC-42A3-9474-1A3956D46DE8}") = "Tests", "Tests", "{46ABCD5E-7760-4237-A469-FA61E94BD7C3}"
EndProject
Project("{FAE04EC0-301F-11D3-BF4B-00C04F79EFBC}") = "SupportHub.Core.Tests", "Tests\SupportHub.Core.Tests\SupportHub.Core.Tests.csproj", "{4DC40C30-BC11-4C3C-B76A-CAC9D38D93D6}"
EndProject
Project("{2150E333-8FDC-42A3-9474-1A3956D46DE8}") = "Src", "Src", "{204544F7-2504-4B63-B0F2-012F938C82D7}"
EndProject
Project("{FAE04EC0-301F-11D3-BF4B-00C04F79EFBC}") = "SupportHub.Api", "Src\SupportHub.Api\SupportHub.Api.csproj", "{FB9A792D-E4D3-401A-AADB-4D5DC24F9391}"
EndProject
Project("{FAE04EC0-301F-11D3-BF4B-00C04F79EFBC}") = "SupportHub.Contracts", "Src\SupportHub.Contracts\SupportHub.Contracts.csproj", "{4A9D1DDD-615A-47A5-B253-1001B20E0BCF}"
EndProject
Project("{FAE04EC0-301F-11D3-BF4B-00C04F79EFBC}") = "SupportHub.Core", "Src\SupportHub.Core\SupportHub.Core.csproj", "{F10CB184-15F4-47D3-9F33-8D5532C7C9E7}"
EndProject
Project("{FAE04EC0-301F-11D3-BF4B-00C04F79EFBC}") = "SupportHub.Infrastructure", "Src\SupportHub.Infrastructure\SupportHub.Infrastructure.csproj", "{2788881F-BF6E-4308-9A58-031C4C6CD148}"
EndProject
Global
	GlobalSection(SolutionConfigurationPlatforms) = preSolution
		Debug|Any CPU = Debug|Any CPU
		Release|Any CPU = Release|Any CPU
	EndGlobalSection
	GlobalSection(SolutionProperties) = preSolution
		HideSolutionNode = FALSE
	EndGlobalSection
	GlobalSection(ProjectConfigurationPlatforms) = postSolution
		{4DC40C30-BC11-4C3C-B76A-CAC9D38D93D6}.Debug|Any CPU.ActiveCfg = Debug|Any CPU
		{4DC40C30-BC11-4C3C-B76A-CAC9D38D93D6}.Debug|Any CPU.Build.0 = Debug|Any CPU
		{4DC40C30-BC11-4C3C-B76A-CAC9D38D93D6}.Release|Any CPU.ActiveCfg = Release|Any CPU
		{4DC40C30-BC11-4C3C-B76A-CAC9D38D93D6}.Release|Any CPU.Build.0 = Release|Any CPU
		{FB9A792D-E4D3-401A-AADB-4D5DC24F9391}.Debug|Any CPU.ActiveCfg = Debug|Any CPU
		{FB9A792D-E4D3-401A-AADB-4D5DC24F9391}.Debug|Any CPU.Build.0 = Debug|Any CPU
		{FB9A792D-E4D3-401A-AADB-4D5DC24F9391}.Release|Any CPU.ActiveCfg = Release|Any CPU
		{FB9A792D-E4D3-401A-AADB-4D5DC24F9391}.Release|Any CPU.Build.0 = Release|Any CPU
		{4A9D1DDD-615A-47A5-B253-1001B20E0BCF}.Debug|Any CPU.ActiveCfg = Debug|Any CPU
		{4A9D1DDD-615A-47A5-B253-1001B20E0BCF}.Debug|Any CPU.Build.0 = Debug|Any CPU
		{4A9D1DDD-615A-47A5-B253-1001B20E0BCF}.Release|Any CPU.ActiveCfg = Release|Any CPU
		{4A9D1DDD-615A-47A5-B253-1001B20E0BCF}.Release|Any CPU.Build.0 = Release|Any CPU
		{F10CB184-15F4-47D3-9F33-8D5532C7C9E7}.Debug|Any CPU.ActiveCfg = Debug|Any CPU
		{F10CB184-15F4-47D3-9F33-8D5532C7C9E7}.Debug|Any CPU.Build.0 = Debug|Any CPU
		{F10CB184-15F4-47D3-9F33-8D5532C7C9E7}.Release|Any CPU.ActiveCfg = Release|Any CPU
		{F10CB184-15F4-47D3-9F33-8D5532C7C9E7}.Release|Any CPU.Build.0 = Release|Any CPU
		{2788881F-BF6E-4308-9A58-031C4C6CD148}.Debug|Any CPU.ActiveCfg = Debug|Any CPU
		{2788881F-BF6E-4308-9A58-031C4C6CD148}.Debug|Any CPU.Build.0 = Debug|Any CPU
		{2788881F-BF6E-4308-9A58-031C4C6CD148}.Release|Any CPU.ActiveCfg = Release|Any CPU
		{2788881F-BF6E-4308-9A58-031C4C6CD148}.Release|Any CPU.Build.0 = Release|Any CPU
	EndGlobalSection
	GlobalSection(NestedProjects) = preSolution
		{4DC40C30-BC11-4C3C-B76A-CAC9D38D93D6} = {46ABCD5E-7760-4237-A469-FA61E94BD7C3}
		{FB9A792D-E4D3-401A-AADB-4D5DC24F9391} = {204544F7-2504-4B63-B0F2-012F938C82D7}
		{4A9D1DDD-615A-47A5-B253-1001B20E0BCF} = {204544F7-2504-4B63-B0F2-012F938C82D7}
		{F10CB184-15F4-47D3-9F33-8D5532C7C9E7} = {204544F7-2504-4B63-B0F2-012F938C82D7}
		{2788881F-BF6E-4308-9A58-031C4C6CD148} = {204544F7-2504-4B63-B0F2-012F938C82D7}
	EndGlobalSection
EndGlobal
